// !$*UTF8*$!
{
	archiveVersion = 1;
	classes = {
	};
	objectVersion = 50;
	objects = {

/* Begin PBXBuildFile section */
		9DDB98CC2596A62F0003431B /* AppDelegate.swift in Sources */ = {isa = PBXBuildFile; fileRef = 9DDB98CB2596A62F0003431B /* AppDelegate.swift */; };
		9DDB98CE2596A62F0003431B /* SceneDelegate.swift in Sources */ = {isa = PBXBuildFile; fileRef = 9DDB98CD2596A62F0003431B /* SceneDelegate.swift */; };
		9DDB98D02596A62F0003431B /* ViewController.swift in Sources */ = {isa = PBXBuildFile; fileRef = 9DDB98CF2596A62F0003431B /* ViewController.swift */; };
		9DDB98D32596A62F0003431B /* Main.storyboard in Resources */ = {isa = PBXBuildFile; fileRef = 9DDB98D12596A62F0003431B /* Main.storyboard */; };
		9DDB98D52596A6300003431B /* Assets.xcassets in Resources */ = {isa = PBXBuildFile; fileRef = 9DDB98D42596A6300003431B /* Assets.xcassets */; };
		9DDB98D82596A6300003431B /* LaunchScreen.storyboard in Resources */ = {isa = PBXBuildFile; fileRef = 9DDB98D62596A6300003431B /* LaunchScreen.storyboard */; };
		9DDB98E32596A6300003431B /* SimpleTipCalculatorTests.swift in Sources */ = {isa = PBXBuildFile; fileRef = 9DDB98E22596A6300003431B /* SimpleTipCalculatorTests.swift */; };
		9DDB98EE2596A6300003431B /* SimpleTipCalculatorUITests.swift in Sources */ = {isa = PBXBuildFile; fileRef = 9DDB98ED2596A6300003431B /* SimpleTipCalculatorUITests.swift */; };
/* End PBXBuildFile section */

/* Begin PBXContainerItemProxy section */
		9DDB98DF2596A6300003431B /* PBXContainerItemProxy */ = {
			isa = PBXContainerItemProxy;
			containerPortal = 9DDB98C02596A62F0003431B /* Project object */;
			proxyType = 1;
			remoteGlobalIDString = 9DDB98C72596A62F0003431B;
			remoteInfo = SimpleTipCalculator;
		};
		9DDB98EA2596A6300003431B /* PBXContainerItemProxy */ = {
			isa = PBXContainerItemProxy;
			containerPortal = 9DDB98C02596A62F0003431B /* Project object */;
			proxyType = 1;
			remoteGlobalIDString = 9DDB98C72596A62F0003431B;
			remoteInfo = SimpleTipCalculator;
		};
/* End PBXContainerItemProxy section */

/* Begin PBXFileReference section */
		9DDB98C82596A62F0003431B /* SimpleTipCalculator.app */ = {isa = PBXFileReference; explicitFileType = wrapper.application; includeInIndex = 0; path = SimpleTipCalculator.app; sourceTree = BUILT_PRODUCTS_DIR; };
		9DDB98CB2596A62F0003431B /* AppDelegate.swift */ = {isa = PBXFileReference; lastKnownFileType = sourcecode.swift; path = AppDelegate.swift; sourceTree = "<group>"; };
		9DDB98CD2596A62F0003431B /* SceneDelegate.swift */ = {isa = PBXFileReference; lastKnownFileType = sourcecode.swift; path = SceneDelegate.swift; sourceTree = "<group>"; };
		9DDB98CF2596A62F0003431B /* ViewController.swift */ = {isa = PBXFileReference; lastKnownFileType = sourcecode.swift; path = ViewController.swift; sourceTree = "<group>"; };
		9DDB98D22596A62F0003431B /* Base */ = {isa = PBXFileReference; lastKnownFileType = file.storyboard; name = Base; path = Base.lproj/Main.storyboard; sourceTree = "<group>"; };
		9DDB98D42596A6300003431B /* Assets.xcassets */ = {isa = PBXFileReference; lastKnownFileType = folder.assetcatalog; path = Assets.xcassets; sourceTree = "<group>"; };
		9DDB98D72596A6300003431B /* Base */ = {isa = PBXFileReference; lastKnownFileType = file.storyboard; name = Base; path = Base.lproj/LaunchScreen.storyboard; sourceTree = "<group>"; };
		9DDB98D92596A6300003431B /* Info.plist */ = {isa = PBXFileReference; lastKnownFileType = text.plist.xml; path = Info.plist; sourceTree = "<group>"; };
		9DDB98DE2596A6300003431B /* SimpleTipCalculatorTests.xctest */ = {isa = PBXFileReference; explicitFileType = wrapper.cfbundle; includeInIndex = 0; path = SimpleTipCalculatorTests.xctest; sourceTree = BUILT_PRODUCTS_DIR; };
		9DDB98E22596A6300003431B /* SimpleTipCalculatorTests.swift */ = {isa = PBXFileReference; lastKnownFileType = sourcecode.swift; path = SimpleTipCalculatorTests.swift; sourceTree = "<group>"; };
		9DDB98E42596A6300003431B /* Info.plist */ = {isa = PBXFileReference; lastKnownFileType = text.plist.xml; path = Info.plist; sourceTree = "<group>"; };
		9DDB98E92596A6300003431B /* SimpleTipCalculatorUITests.xctest */ = {isa = PBXFileReference; explicitFileType = wrapper.cfbundle; includeInIndex = 0; path = SimpleTipCalculatorUITests.xctest; sourceTree = BUILT_PRODUCTS_DIR; };
		9DDB98ED2596A6300003431B /* SimpleTipCalculatorUITests.swift */ = {isa = PBXFileReference; lastKnownFileType = sourcecode.swift; path = SimpleTipCalculatorUITests.swift; sourceTree = "<group>"; };
		9DDB98EF2596A6300003431B /* Info.plist */ = {isa = PBXFileReference; lastKnownFileType = text.plist.xml; path = Info.plist; sourceTree = "<group>"; };
/* End PBXFileReference section */

/* Begin PBXFrameworksBuildPhase section */
		9DDB98C52596A62F0003431B /* Frameworks */ = {
			isa = PBXFrameworksBuildPhase;
			buildActionMask = 2147483647;
			files = (
			);
			runOnlyForDeploymentPostprocessing = 0;
		};
		9DDB98DB2596A6300003431B /* Frameworks */ = {
			isa = PBXFrameworksBuildPhase;
			buildActionMask = 2147483647;
			files = (
			);
			runOnlyForDeploymentPostprocessing = 0;
		};
		9DDB98E62596A6300003431B /* Frameworks */ = {
			isa = PBXFrameworksBuildPhase;
			buildActionMask = 2147483647;
			files = (
			);
			runOnlyForDeploymentPostprocessing = 0;
		};
/* End PBXFrameworksBuildPhase section */

/* Begin PBXGroup section */
		9DDB98BF2596A62F0003431B = {
			isa = PBXGroup;
			children = (
				9DDB98CA2596A62F0003431B /* SimpleTipCalculator */,
				9DDB98E12596A6300003431B /* SimpleTipCalculatorTests */,
				9DDB98EC2596A6300003431B /* SimpleTipCalculatorUITests */,
				9DDB98C92596A62F0003431B /* Products */,
			);
			sourceTree = "<group>";
		};
		9DDB98C92596A62F0003431B /* Products */ = {
			isa = PBXGroup;
			children = (
				9DDB98C82596A62F0003431B /* SimpleTipCalculator.app */,
				9DDB98DE2596A6300003431B /* SimpleTipCalculatorTests.xctest */,
				9DDB98E92596A6300003431B /* SimpleTipCalculatorUITests.xctest */,
			);
			name = Products;
			sourceTree = "<group>";
		};
		9DDB98CA2596A62F0003431B /* SimpleTipCalculator */ = {
			isa = PBXGroup;
			children = (
				9DDB98CB2596A62F0003431B /* AppDelegate.swift */,
				9DDB98CD2596A62F0003431B /* SceneDelegate.swift */,
				9DDB98CF2596A62F0003431B /* ViewController.swift */,
				9DDB98D12596A62F0003431B /* Main.storyboard */,
				9DDB98D42596A6300003431B /* Assets.xcassets */,
				9DDB98D62596A6300003431B /* LaunchScreen.storyboard */,
				9DDB98D92596A6300003431B /* Info.plist */,
			);
			path = SimpleTipCalculator;
			sourceTree = "<group>";
		};
		9DDB98E12596A6300003431B /* SimpleTipCalculatorTests */ = {
			isa = PBXGroup;
			children = (
				9DDB98E22596A6300003431B /* SimpleTipCalculatorTests.swift */,
				9DDB98E42596A6300003431B /* Info.plist */,
			);
			path = SimpleTipCalculatorTests;
			sourceTree = "<group>";
		};
		9DDB98EC2596A6300003431B /* SimpleTipCalculatorUITests */ = {
			isa = PBXGroup;
			children = (
				9DDB98ED2596A6300003431B /* SimpleTipCalculatorUITests.swift */,
				9DDB98EF2596A6300003431B /* Info.plist */,
			);
			path = SimpleTipCalculatorUITests;
			sourceTree = "<group>";
		};
/* End PBXGroup section */

/* Begin PBXNativeTarget section */
		9DDB98C72596A62F0003431B /* SimpleTipCalculator */ = {
			isa = PBXNativeTarget;
			buildConfigurationList = 9DDB98F22596A6300003431B /* Build configuration list for PBXNativeTarget "SimpleTipCalculator" */;
			buildPhases = (
				9DDB98C42596A62F0003431B /* Sources */,
				9DDB98C52596A62F0003431B /* Frameworks */,
				9DDB98C62596A62F0003431B /* Resources */,
			);
			buildRules = (
			);
			dependencies = (
			);
			name = SimpleTipCalculator;
			productName = SimpleTipCalculator;
			productReference = 9DDB98C82596A62F0003431B /* SimpleTipCalculator.app */;
			productType = "com.apple.product-type.application";
		};
		9DDB98DD2596A6300003431B /* SimpleTipCalculatorTests */ = {
			isa = PBXNativeTarget;
			buildConfigurationList = 9DDB98F52596A6300003431B /* Build configuration list for PBXNativeTarget "SimpleTipCalculatorTests" */;
			buildPhases = (
				9DDB98DA2596A6300003431B /* Sources */,
				9DDB98DB2596A6300003431B /* Frameworks */,
				9DDB98DC2596A6300003431B /* Resources */,
			);
			buildRules = (
			);
			dependencies = (
				9DDB98E02596A6300003431B /* PBXTargetDependency */,
			);
			name = SimpleTipCalculatorTests;
			productName = SimpleTipCalculatorTests;
			productReference = 9DDB98DE2596A6300003431B /* SimpleTipCalculatorTests.xctest */;
			productType = "com.apple.product-type.bundle.unit-test";
		};
		9DDB98E82596A6300003431B /* SimpleTipCalculatorUITests */ = {
			isa = PBXNativeTarget;
			buildConfigurationList = 9DDB98F82596A6300003431B /* Build configuration list for PBXNativeTarget "SimpleTipCalculatorUITests" */;
			buildPhases = (
				9DDB98E52596A6300003431B /* Sources */,
				9DDB98E62596A6300003431B /* Frameworks */,
				9DDB98E72596A6300003431B /* Resources */,
			);
			buildRules = (
			);
			dependencies = (
				9DDB98EB2596A6300003431B /* PBXTargetDependency */,
			);
			name = SimpleTipCalculatorUITests;
			productName = SimpleTipCalculatorUITests;
			productReference = 9DDB98E92596A6300003431B /* SimpleTipCalculatorUITests.xctest */;
			productType = "com.apple.product-type.bundle.ui-testing";
		};
/* End PBXNativeTarget section */

/* Begin PBXProject section */
		9DDB98C02596A62F0003431B /* Project object */ = {
			isa = PBXProject;
			attributes = {
				LastSwiftUpdateCheck = 1230;
				LastUpgradeCheck = 1230;
				TargetAttributes = {
					9DDB98C72596A62F0003431B = {
						CreatedOnToolsVersion = 12.3;
					};
					9DDB98DD2596A6300003431B = {
						CreatedOnToolsVersion = 12.3;
						TestTargetID = 9DDB98C72596A62F0003431B;
					};
					9DDB98E82596A6300003431B = {
						CreatedOnToolsVersion = 12.3;
						TestTargetID = 9DDB98C72596A62F0003431B;
					};
				};
			};
			buildConfigurationList = 9DDB98C32596A62F0003431B /* Build configuration list for PBXProject "SimpleTipCalculator" */;
			compatibilityVersion = "Xcode 9.3";
			developmentRegion = en;
			hasScannedForEncodings = 0;
			knownRegions = (
				en,
				Base,
			);
			mainGroup = 9DDB98BF2596A62F0003431B;
			productRefGroup = 9DDB98C92596A62F0003431B /* Products */;
			projectDirPath = "";
			projectRoot = "";
			targets = (
				9DDB98C72596A62F0003431B /* SimpleTipCalculator */,
				9DDB98DD2596A6300003431B /* SimpleTipCalculatorTests */,
				9DDB98E82596A6300003431B /* SimpleTipCalculatorUITests */,
			);
		};
/* End PBXProject section */

/* Begin PBXResourcesBuildPhase section */
		9DDB98C62596A62F0003431B /* Resources */ = {
			isa = PBXResourcesBuildPhase;
			buildActionMask = 2147483647;
			files = (
				9DDB98D82596A6300003431B /* LaunchScreen.storyboard in Resources */,
				9DDB98D52596A6300003431B /* Assets.xcassets in Resources */,
				9DDB98D32596A62F0003431B /* Main.storyboard in Resources */,
			);
			runOnlyForDeploymentPostprocessing = 0;
		};
		9DDB98DC2596A6300003431B /* Resources */ = {
			isa = PBXResourcesBuildPhase;
			buildActionMask = 2147483647;
			files = (
			);
			runOnlyForDeploymentPostprocessing = 0;
		};
		9DDB98E72596A6300003431B /* Resources */ = {
			isa = PBXResourcesBuildPhase;
			buildActionMask = 2147483647;
			files = (
			);
			runOnlyForDeploymentPostprocessing = 0;
		};
/* End PBXResourcesBuildPhase section */

/* Begin PBXSourcesBuildPhase section */
		9DDB98C42596A62F0003431B /* Sources */ = {
			isa = PBXSourcesBuildPhase;
			buildActionMask = 2147483647;
			files = (
				9DDB98D02596A62F0003431B /* ViewController.swift in Sources */,
				9DDB98CC2596A62F0003431B /* AppDelegate.swift in Sources */,
				9DDB98CE2596A62F0003431B /* SceneDelegate.swift in Sources */,
			);
			runOnlyForDeploymentPostprocessing = 0;
		};
		9DDB98DA2596A6300003431B /* Sources */ = {
			isa = PBXSourcesBuildPhase;
			buildActionMask = 2147483647;
			files = (
				9DDB98E32596A6300003431B /* SimpleTipCalculatorTests.swift in Sources */,
			);
			runOnlyForDeploymentPostprocessing = 0;
		};
		9DDB98E52596A6300003431B /* Sources */ = {
			isa = PBXSourcesBuildPhase;
			buildActionMask = 2147483647;
			files = (
				9DDB98EE2596A6300003431B /* SimpleTipCalculatorUITests.swift in Sources */,
			);
			runOnlyForDeploymentPostprocessing = 0;
		};
/* End PBXSourcesBuildPhase section */

/* Begin PBXTargetDependency section */
		9DDB98E02596A6300003431B /* PBXTargetDependency */ = {
			isa = PBXTargetDependency;
			target = 9DDB98C72596A62F0003431B /* SimpleTipCalculator */;
			targetProxy = 9DDB98DF2596A6300003431B /* PBXContainerItemProxy */;
		};
		9DDB98EB2596A6300003431B /* PBXTargetDependency */ = {
			isa = PBXTargetDependency;
			target = 9DDB98C72596A62F0003431B /* SimpleTipCalculator */;
			targetProxy = 9DDB98EA2596A6300003431B /* PBXContainerItemProxy */;
		};
/* End PBXTargetDependency section */

/* Begin PBXVariantGroup section */
		9DDB98D12596A62F0003431B /* Main.storyboard */ = {
			isa = PBXVariantGroup;
			children = (
				9DDB98D22596A62F0003431B /* Base */,
			);
			name = Main.storyboard;
			sourceTree = "<group>";
		};
		9DDB98D62596A6300003431B /* LaunchScreen.storyboard */ = {
			isa = PBXVariantGroup;
			children = (
				9DDB98D72596A6300003431B /* Base */,
			);
			name = LaunchScreen.storyboard;
			sourceTree = "<group>";
		};
/* End PBXVariantGroup section */

/* Begin XCBuildConfiguration section */
		9DDB98F02596A6300003431B /* Debug */ = {
			isa = XCBuildConfiguration;
			buildSettings = {
				ALWAYS_SEARCH_USER_PATHS = NO;
				CLANG_ANALYZER_NONNULL = YES;
				CLANG_ANALYZER_NUMBER_OBJECT_CONVERSION = YES_AGGRESSIVE;
				CLANG_CXX_LANGUAGE_STANDARD = "gnu++14";
				CLANG_CXX_LIBRARY = "libc++";
				CLANG_ENABLE_MODULES = YES;
				CLANG_ENABLE_OBJC_ARC = YES;
				CLANG_ENABLE_OBJC_WEAK = YES;
				CLANG_WARN_BLOCK_CAPTURE_AUTORELEASING = YES;
				CLANG_WARN_BOOL_CONVERSION = YES;
				CLANG_WARN_COMMA = YES;
				CLANG_WARN_CONSTANT_CONVERSION = YES;
				CLANG_WARN_DEPRECATED_OBJC_IMPLEMENTATIONS = YES;
				CLANG_WARN_DIRECT_OBJC_ISA_USAGE = YES_ERROR;
				CLANG_WARN_DOCUMENTATION_COMMENTS = YES;
				CLANG_WARN_EMPTY_BODY = YES;
				CLANG_WARN_ENUM_CONVERSION = YES;
				CLANG_WARN_INFINITE_RECURSION = YES;
				CLANG_WARN_INT_CONVERSION = YES;
				CLANG_WARN_NON_LITERAL_NULL_CONVERSION = YES;
				CLANG_WARN_OBJC_IMPLICIT_RETAIN_SELF = YES;
				CLANG_WARN_OBJC_LITERAL_CONVERSION = YES;
				CLANG_WARN_OBJC_ROOT_CLASS = YES_ERROR;
				CLANG_WARN_QUOTED_INCLUDE_IN_FRAMEWORK_HEADER = YES;
				CLANG_WARN_RANGE_LOOP_ANALYSIS = YES;
				CLANG_WARN_STRICT_PROTOTYPES = YES;
				CLANG_WARN_SUSPICIOUS_MOVE = YES;
				CLANG_WARN_UNGUARDED_AVAILABILITY = YES_AGGRESSIVE;
				CLANG_WARN_UNREACHABLE_CODE = YES;
				CLANG_WARN__DUPLICATE_METHOD_MATCH = YES;
				COPY_PHASE_STRIP = NO;
				DEBUG_INFORMATION_FORMAT = dwarf;
				ENABLE_STRICT_OBJC_MSGSEND = YES;
				ENABLE_TESTABILITY = YES;
				GCC_C_LANGUAGE_STANDARD = gnu11;
				GCC_DYNAMIC_NO_PIC = NO;
				GCC_NO_COMMON_BLOCKS = YES;
				GCC_OPTIMIZATION_LEVEL = 0;
				GCC_PREPROCESSOR_DEFINITIONS = (
					"DEBUG=1",
					"$(inherited)",
				);
				GCC_WARN_64_TO_32_BIT_CONVERSION = YES;
				GCC_WARN_ABOUT_RETURN_TYPE = YES_ERROR;
				GCC_WARN_UNDECLARED_SELECTOR = YES;
				GCC_WARN_UNINITIALIZED_AUTOS = YES_AGGRESSIVE;
				GCC_WARN_UNUSED_FUNCTION = YES;
				GCC_WARN_UNUSED_VARIABLE = YES;
				IPHONEOS_DEPLOYMENT_TARGET = 14.3;
				MTL_ENABLE_DEBUG_INFO = INCLUDE_SOURCE;
				MTL_FAST_MATH = YES;
				ONLY_ACTIVE_ARCH = YES;
				SDKROOT = iphoneos;
				SWIFT_ACTIVE_COMPILATION_CONDITIONS = DEBUG;
				SWIFT_OPTIMIZATION_LEVEL = "-Onone";
			};
			name = Debug;
		};
		9DDB98F12596A6300003431B /* Release */ = {
			isa = XCBuildConfiguration;
			buildSettings = {
				ALWAYS_SEARCH_USER_PATHS = NO;
				CLANG_ANALYZER_NONNULL = YES;
				CLANG_ANALYZER_NUMBER_OBJECT_CONVERSION = YES_AGGRESSIVE;
				CLANG_CXX_LANGUAGE_STANDARD = "gnu++14";
				CLANG_CXX_LIBRARY = "libc++";
				CLANG_ENABLE_MODULES = YES;
				CLANG_ENABLE_OBJC_ARC = YES;
				CLANG_ENABLE_OBJC_WEAK = YES;
				CLANG_WARN_BLOCK_CAPTURE_AUTORELEASING = YES;
				CLANG_WARN_BOOL_CONVERSION = YES;
				CLANG_WARN_COMMA = YES;
				CLANG_WARN_CONSTANT_CONVERSION = YES;
				CLANG_WARN_DEPRECATED_OBJC_IMPLEMENTATIONS = YES;
				CLANG_WARN_DIRECT_OBJC_ISA_USAGE = YES_ERROR;
				CLANG_WARN_DOCUMENTATION_COMMENTS = YES;
				CLANG_WARN_EMPTY_BODY = YES;
				CLANG_WARN_ENUM_CONVERSION = YES;
				CLANG_WARN_INFINITE_RECURSION = YES;
				CLANG_WARN_INT_CONVERSION = YES;
				CLANG_WARN_NON_LITERAL_NULL_CONVERSION = YES;
				CLANG_WARN_OBJC_IMPLICIT_RETAIN_SELF = YES;
				CLANG_WARN_OBJC_LITERAL_CONVERSION = YES;
				CLANG_WARN_OBJC_ROOT_CLASS = YES_ERROR;
				CLANG_WARN_QUOTED_INCLUDE_IN_FRAMEWORK_HEADER = YES;
				CLANG_WARN_RANGE_LOOP_ANALYSIS = YES;
				CLANG_WARN_STRICT_PROTOTYPES = YES;
				CLANG_WARN_SUSPICIOUS_MOVE = YES;
				CLANG_WARN_UNGUARDED_AVAILABILITY = YES_AGGRESSIVE;
				CLANG_WARN_UNREACHABLE_CODE = YES;
				CLANG_WARN__DUPLICATE_METHOD_MATCH = YES;
				COPY_PHASE_STRIP = NO;
				DEBUG_INFORMATION_FORMAT = "dwarf-with-dsym";
				ENABLE_NS_ASSERTIONS = NO;
				ENABLE_STRICT_OBJC_MSGSEND = YES;
				GCC_C_LANGUAGE_STANDARD = gnu11;
				GCC_NO_COMMON_BLOCKS = YES;
				GCC_WARN_64_TO_32_BIT_CONVERSION = YES;
				GCC_WARN_ABOUT_RETURN_TYPE = YES_ERROR;
				GCC_WARN_UNDECLARED_SELECTOR = YES;
				GCC_WARN_UNINITIALIZED_AUTOS = YES_AGGRESSIVE;
				GCC_WARN_UNUSED_FUNCTION = YES;
				GCC_WARN_UNUSED_VARIABLE = YES;
				IPHONEOS_DEPLOYMENT_TARGET = 14.3;
				MTL_ENABLE_DEBUG_INFO = NO;
				MTL_FAST_MATH = YES;
				SDKROOT = iphoneos;
				SWIFT_COMPILATION_MODE = wholemodule;
				SWIFT_OPTIMIZATION_LEVEL = "-O";
				VALIDATE_PRODUCT = YES;
			};
			name = Release;
		};
		9DDB98F32596A6300003431B /* Debug */ = {
			isa = XCBuildConfiguration;
			buildSettings = {
				ASSETCATALOG_COMPILER_APPICON_NAME = AppIcon;
				ASSETCATALOG_COMPILER_GLOBAL_ACCENT_COLOR_NAME = AccentColor;
				CODE_SIGN_STYLE = Automatic;
				INFOPLIST_FILE = SimpleTipCalculator/Info.plist;
				LD_RUNPATH_SEARCH_PATHS = (
					"$(inherited)",
					"@executable_path/Frameworks",
				);
				PRODUCT_BUNDLE_IDENTIFIER = com.codepath.SimpleTipCalculator;
				PRODUCT_NAME = "$(TARGET_NAME)";
				SWIFT_VERSION = 5.0;
				TARGETED_DEVICE_FAMILY = "1,2";
			};
			name = Debug;
		};
		9DDB98F42596A6300003431B /* Release */ = {
			isa = XCBuildConfiguration;
			buildSettings = {
				ASSETCATALOG_COMPILER_APPICON_NAME = AppIcon;
				ASSETCATALOG_COMPILER_GLOBAL_ACCENT_COLOR_NAME = AccentColor;
				CODE_SIGN_STYLE = Automatic;
				INFOPLIST_FILE = SimpleTipCalculator/Info.plist;
				LD_RUNPATH_SEARCH_PATHS = (
					"$(inherited)",
					"@executable_path/Frameworks",
				);
				PRODUCT_BUNDLE_IDENTIFIER = com.codepath.SimpleTipCalculator;
				PRODUCT_NAME = "$(TARGET_NAME)";
				SWIFT_VERSION = 5.0;
				TARGETED_DEVICE_FAMILY = "1,2";
			};
			name = Release;
		};
		9DDB98F62596A6300003431B /* Debug */ = {
			isa = XCBuildConfiguration;
			buildSettings = {
				ALWAYS_EMBED_SWIFT_STANDARD_LIBRARIES = YES;
				BUNDLE_LOADER = "$(TEST_HOST)";
				CODE_SIGN_STYLE = Automatic;
				INFOPLIST_FILE = SimpleTipCalculatorTests/Info.plist;
				IPHONEOS_DEPLOYMENT_TARGET = 14.3;
				LD_RUNPATH_SEARCH_PATHS = (
					"$(inherited)",
					"@executable_path/Frameworks",
					"@loader_path/Frameworks",
				);
				PRODUCT_BUNDLE_IDENTIFIER = com.codepath.SimpleTipCalculatorTests;
				PRODUCT_NAME = "$(TARGET_NAME)";
				SWIFT_VERSION = 5.0;
				TARGETED_DEVICE_FAMILY = "1,2";
				TEST_HOST = "$(BUILT_PRODUCTS_DIR)/SimpleTipCalculator.app/SimpleTipCalculator";
			};
			name = Debug;
		};
		9DDB98F72596A6300003431B /* Release */ = {
			isa = XCBuildConfiguration;
			buildSettings = {
				ALWAYS_EMBED_SWIFT_STANDARD_LIBRARIES = YES;
				BUNDLE_LOADER = "$(TEST_HOST)";
				CODE_SIGN_STYLE = Automatic;
				INFOPLIST_FILE = SimpleTipCalculatorTests/Info.plist;
				IPHONEOS_DEPLOYMENT_TARGET = 14.3;
				LD_RUNPATH_SEARCH_PATHS = (
					"$(inherited)",
					"@executable_path/Frameworks",
					"@loader_path/Frameworks",
				);
				PRODUCT_BUNDLE_IDENTIFIER = com.codepath.SimpleTipCalculatorTests;
				PRODUCT_NAME = "$(TARGET_NAME)";
				SWIFT_VERSION = 5.0;
				TARGETED_DEVICE_FAMILY = "1,2";
				TEST_HOST = "$(BUILT_PRODUCTS_DIR)/SimpleTipCalculator.app/SimpleTipCalculator";
			};
			name = Release;
		};
		9DDB98F92596A6300003431B /* Debug */ = {
			isa = XCBuildConfiguration;
			buildSettings = {
				ALWAYS_EMBED_SWIFT_STANDARD_LIBRARIES = YES;
				CODE_SIGN_STYLE = Automatic;
				INFOPLIST_FILE = SimpleTipCalculatorUITests/Info.plist;
				LD_RUNPATH_SEARCH_PATHS = (
					"$(inherited)",
					"@executable_path/Frameworks",
					"@loader_path/Frameworks",
				);
				PRODUCT_BUNDLE_IDENTIFIER = com.codepath.SimpleTipCalculatorUITests;
				PRODUCT_NAME = "$(TARGET_NAME)";
				SWIFT_VERSION = 5.0;
				TARGETED_DEVICE_FAMILY = "1,2";
				TEST_TARGET_NAME = SimpleTipCalculator;
			};
			name = Debug;
		};
		9DDB98FA2596A6300003431B /* Release */ = {
			isa = XCBuildConfiguration;
			buildSettings = {
				ALWAYS_EMBED_SWIFT_STANDARD_LIBRARIES = YES;
				CODE_SIGN_STYLE = Automatic;
				INFOPLIST_FILE = SimpleTipCalculatorUITests/Info.plist;
				LD_RUNPATH_SEARCH_PATHS = (
					"$(inherited)",
					"@executable_path/Frameworks",
					"@loader_path/Frameworks",
				);
				PRODUCT_BUNDLE_IDENTIFIER = com.codepath.SimpleTipCalculatorUITests;
				PRODUCT_NAME = "$(TARGET_NAME)";
				SWIFT_VERSION = 5.0;
				TARGETED_DEVICE_FAMILY = "1,2";
				TEST_TARGET_NAME = SimpleTipCalculator;
			};
			name = Release;
		};
/* End XCBuildConfiguration section */

/* Begin XCConfigurationList section */
		9DDB98C32596A62F0003431B /* Build configuration list for PBXProject "SimpleTipCalculator" */ = {
			isa = XCConfigurationList;
			buildConfigurations = (
				9DDB98F02596A6300003431B /* Debug */,
				9DDB98F12596A6300003431B /* Release */,
			);
			defaultConfigurationIsVisible = 0;
			defaultConfigurationName = Release;
		};
		9DDB98F22596A6300003431B /* Build configuration list for PBXNativeTarget "SimpleTipCalculator" */ = {
			isa = XCConfigurationList;
			buildConfigurations = (
				9DDB98F32596A6300003431B /* Debug */,
				9DDB98F42596A6300003431B /* Release */,
			);
			defaultConfigurationIsVisible = 0;
			defaultConfigurationName = Release;
		};
		9DDB98F52596A6300003431B /* Build configuration list for PBXNativeTarget "SimpleTipCalculatorTests" */ = {
			isa = XCConfigurationList;
			buildConfigurations = (
				9DDB98F62596A6300003431B /* Debug */,
				9DDB98F72596A6300003431B /* Release */,
			);
			defaultConfigurationIsVisible = 0;
			defaultConfigurationName = Release;
		};
		9DDB98F82596A6300003431B /* Build configuration list for PBXNativeTarget "SimpleTipCalculatorUITests" */ = {
			isa = XCConfigurationList;
			buildConfigurations = (
				9DDB98F92596A6300003431B /* Debug */,
				9DDB98FA2596A6300003431B /* Release */,
			);
			defaultConfigurationIsVisible = 0;
			defaultConfigurationName = Release;
		};
/* End XCConfigurationList section */
	};
	rootObject = 9DDB98C02596A62F0003431B /* Project object */;
}
